{
  "name": "typora-plugin-pikchr",
  "version": "0.1.0",
  "lockfileVersion": 3,
  "requires": true,
  "packages": {
    "": {
      "name": "typora-plugin-pikchr",
      "version": "0.1.0",
      "license": "MIT",
      "dependencies": {
        "pikchr-js": "^0.1.4"
      },
      "devDependencies": {
        "adm-zip": "^0.6.1"
      }
    },
    "node_modules/adm-zip": {
      "version": "0.6.1",
      "resolved": "https://registry.npmjs.org/adm-zip/-/adm-zip-0.6.1.tgz",
      "integrity": "sha512-Xwrja8nx9e5o2N1my4DsKCeKpdrnACyr1wtbPxBDgGzKzKyE9kRtBFA8mWldI+RVlD7CBZNWY/wQ2+ydwOR6kQ==",
      "dev": true,
      "license": "MIT",
      "engines": {
        "node": ">=14.0"
      }
    },
    "node_modules/pikchr-js": {
      "version": "0.1.4",
      "resolved": "https://registry.npmjs.org/pikchr-js/-/pikchr-js-0.1.4.tgz",
      "integrity": "sha512-ojG1pgxv5SzjGNSp/wDhkgzPo5jnK5/ycXDMh5dv5AW3vf0vhh4z60yk2ZBOh6VVx5R8ZqjO0/Ejk015gCBaPw==",
      "license": "0BSD",
      "bin": {
        "pikchr": "bin/pikchr.js",
        "pikchr-js": "bin/pikchr.js"
      }
    }
  }
}
